
Microsoft Visual Studio Solution File, Format Version 12.00
# Visual Studio Version 17
VisualStudioVersion = 17.5.33530.505
MinimumVisualStudioVersion = 10.0.40219.1
Project("{9A19103F-16F7-4668-BE54-9A1E7A4F7556}") = "WPFApplication", "WPFApplication\WPFApplication.csproj", "{F655A3C9-73E6-4A93-B395-66A2EAE4BAB8}"
EndProject
Project("{9A19103F-16F7-4668-BE54-9A1E7A4F7556}") = "WpfCtrl01Grid", "WpfCtrl01Grid\WpfCtrl01Grid.csproj", "{0813ABBF-58C6-47EF-B6E2-813879A4A577}"
EndProject
Project("{9A19103F-16F7-4668-BE54-9A1E7A4F7556}") = "WpfCtrl02StackPanel", "WpfCtrl02StackPanel\WpfCtrl02StackPanel.csproj", "{35F0AC3D-9D92-4ACB-AD9E-13ABFCFB888C}"
EndProject
Project("{9A19103F-16F7-4668-BE54-9A1E7A4F7556}") = "WpfCtrl03WrapPanel", "WpfCtrl03WrapPanel\WpfCtrl03WrapPanel.csproj", "{D44BB599-8C7A-441E-AA9B-0A1611A56682}"
EndProject
Project("{9A19103F-16F7-4668-BE54-9A1E7A4F7556}") = "WpfMVVM01", "WpfMVVM01\WpfMVVM01.csproj", "{A206E62B-DCC0-4B7F-9DEA-1DFFF60AC29A}"
EndProject
Project("{FAE04EC0-301F-11D3-BF4B-00C04F79EFBC}") = "TacticMVVM", "TacticMVVM\TacticMVVM.csproj", "{09B4E4F2-DBF0-4735-839F-229B60B2C488}"
EndProject
Project("{FAE04EC0-301F-11D3-BF4B-00C04F79EFBC}") = "WPF-RJ", "WPF-RJ\WPF-RJ.csproj", "{4D59E17C-CFC3-4CF2-AA15-AB911C3EA5E0}"
EndProject
Project("{FAE04EC0-301F-11D3-BF4B-00C04F79EFBC}") = "ConsoleApp", "ConsoleApp\ConsoleApp.csproj", "{2C2F367C-0F80-4F33-B0D2-4423FF6BD348}"
EndProject
Project("{9A19103F-16F7-4668-BE54-9A1E7A4F7556}") = "RemoteCtrl", "RemoteCtrl\RemoteCtrl.csproj", "{C60BCED5-DF9A-4757-94FF-7C33AA97866A}"
EndProject
Project("{9A19103F-16F7-4668-BE54-9A1E7A4F7556}") = "MSAccessDB1", "MSAccessDB1\MSAccessDB1.csproj", "{F10D855E-2EFA-4085-8432-3EC8522FCBAD}"
EndProject
Project("{9A19103F-16F7-4668-BE54-9A1E7A4F7556}") = "DbLib", "DbLib\DbLib.csproj", "{EDDFB7F5-7F4F-42D0-976A-A0015420E447}"
EndProject
Project("{9A19103F-16F7-4668-BE54-9A1E7A4F7556}") = "FileLog", "FileLog\FileLog.csproj", "{95FA9CBD-03E0-4F56-9BB1-4A38FD4033B6}"
EndProject
Project("{9A19103F-16F7-4668-BE54-9A1E7A4F7556}") = "LogLib", "LogLib\LogLib.csproj", "{27C7BF6D-47AF-49CB-A981-29C5C0BF73C9}"
EndProject
Project("{9A19103F-16F7-4668-BE54-9A1E7A4F7556}") = "UDPServer", "UDPServer\UDPServer.csproj", "{2A65D29F-AF0C-42BC-80E7-D3C4AD534A6A}"
EndProject
Project("{9A19103F-16F7-4668-BE54-9A1E7A4F7556}") = "UDPClient", "UDPClient\UDPClient.csproj", "{92470B63-3D9D-4224-A7B1-4B004F836E67}"
EndProject
Project("{FAE04EC0-301F-11D3-BF4B-00C04F79EFBC}") = "WPFControlVisibilityApp", "WPFControlVisibilityApp\WPFControlVisibilityApp.csproj", "{A0D300D0-F1A9-40AB-8F11-00FEA5EC5CBF}"
EndProject
Project("{FAE04EC0-301F-11D3-BF4B-00C04F79EFBC}") = "ModernDashboard", "ModernDashboard\ModernDashboard.csproj", "{A4573194-01A2-4069-AC08-CA2592D371B5}"
EndProject
Project("{FAE04EC0-301F-11D3-BF4B-00C04F79EFBC}") = "WindowsService472", "WindowsService472\WindowsService472.csproj", "{6F731782-B740-4C3E-BCD4-8CE30427745B}"
EndProject
Project("{9A19103F-16F7-4668-BE54-9A1E7A4F7556}") = "WorkerService7", "WorkerService7\WorkerService7.csproj", "{86B18525-EA2F-4A98-B0CE-5825FCF4F769}"
EndProject
Project("{FAE04EC0-301F-11D3-BF4B-00C04F79EFBC}") = "WPF_CS", "WPF_CS\WPF_CS.csproj", "{36F50884-874A-43EF-BA37-76969C9A293D}"
EndProject
Project("{9A19103F-16F7-4668-BE54-9A1E7A4F7556}") = "WPFTEST", "WPFTEST\WPFTEST.csproj", "{83E739FD-852E-45FC-82D9-CCFD04147FE2}"
EndProject
Project("{FAE04EC0-301F-11D3-BF4B-00C04F79EFBC}") = "UITCC", "UITCC\UITCC.csproj", "{062BC245-3D26-4AED-B176-5257D5977A78}"
EndProject
Project("{FAE04EC0-301F-11D3-BF4B-00C04F79EFBC}") = "MSAessDB2", "MSAessDB2\MSAessDB2.csproj", "{2BD77B83-D22A-4A78-B62A-6E1300E0E106}"
EndProject
Project("{9A19103F-16F7-4668-BE54-9A1E7A4F7556}") = "PageNavigationApp7", "PageNavigationApp7\PageNavigationApp7.csproj", "{EEC7BE7C-189B-47D8-B924-56367CFE2DCF}"
EndProject
Project("{FAE04EC0-301F-11D3-BF4B-00C04F79EFBC}") = "TestConsole46", "TestConsole46\TestConsole46.csproj", "{9155F350-1488-45D8-866B-9EA0DBB58E2E}"
EndProject
Project("{9A19103F-16F7-4668-BE54-9A1E7A4F7556}") = "SideSubMenu7", "SideSubMenu7\SideSubMenu7.csproj", "{0FAB30CE-F5FF-4444-B446-8D4A6E2AE69C}"
EndProject
Project("{9A19103F-16F7-4668-BE54-9A1E7A4F7556}") = "LeftMenuDashBoard7", "LeftMenuDashBoard7\LeftMenuDashBoard7.csproj", "{B40E319D-2F2F-433A-9B62-000E082A6E5C}"
EndProject
Project("{FAE04EC0-301F-11D3-BF4B-00C04F79EFBC}") = "MVVM_RJ", "MVVM_RJ\MVVM_RJ.csproj", "{DE903D91-1350-498A-95EA-1A3DD9F5D73C}"
EndProject
Project("{FAE04EC0-301F-11D3-BF4B-00C04F79EFBC}") = "XmlSerializer_1", "XmlSerializer_1\XmlSerializer_1.csproj", "{5C73674E-ECCD-4571-9CB5-0B374833B027}"
EndProject
Project("{FAE04EC0-301F-11D3-BF4B-00C04F79EFBC}") = "WpfMvvmDataConnection", "WpfMvvmDataConnection\WpfMvvmDataConnection.csproj", "{56F52C54-33FD-49FD-85D9-DB5225D38E8C}"
EndProject
Project("{FAE04EC0-301F-11D3-BF4B-00C04F79EFBC}") = "MVVM_TCP", "MVVM_TCP\MVVM_TCP.csproj", "{7417C459-E38E-4046-B05C-8E6BC49AD04B}"
EndProject
Project("{FAE04EC0-301F-11D3-BF4B-00C04F79EFBC}") = "TCP_Service", "TCP_Service\TCP_Service.csproj", "{BD039413-6556-4A43-9B9E-C438D49FF07A}"
EndProject
Project("{FAE04EC0-301F-11D3-BF4B-00C04F79EFBC}") = "Dance", "Dance\Dance.csproj", "{7FBEDD34-0148-48D8-996E-F160BD88F0FD}"
EndProject
Project("{FAE04EC0-301F-11D3-BF4B-00C04F79EFBC}") = "MapControl48", "MapControl48\MapControl48.csproj", "{45F9D27B-67D5-4BE3-AA41-DAFFDCB13285}"
EndProject
Project("{FAE04EC0-301F-11D3-BF4B-00C04F79EFBC}") = "GMapNet48", "GMapNet48\GMapNet48.csproj", "{B9624A19-88C6-4831-AFD0-4F60B45C5E98}"
EndProject
Project("{FAE04EC0-301F-11D3-BF4B-00C04F79EFBC}") = "ReadInitTxtWPF", "ReadInitTxtWPF\ReadInitTxtWPF.csproj", "{B33789DD-F2E0-4A5F-8023-235FCC7D8557}"
EndProject
Project("{FAE04EC0-301F-11D3-BF4B-00C04F79EFBC}") = "TcpClientForm", "TcpClientForm\TcpClientForm.csproj", "{88649FEC-6FFA-4FC9-9BDF-E1FB9654EBC7}"
EndProject
Global
	GlobalSection(SolutionConfigurationPlatforms) = preSolution
		Debug|Any CPU = Debug|Any CPU
		Debug|x64 = Debug|x64
		Debug|x86 = Debug|x86
		Release|Any CPU = Release|Any CPU
		Release|x64 = Release|x64
		Release|x86 = Release|x86
	EndGlobalSection
	GlobalSection(ProjectConfigurationPlatforms) = postSolution
		{F655A3C9-73E6-4A93-B395-66A2EAE4BAB8}.Debug|Any CPU.ActiveCfg = Debug|Any CPU
		{F655A3C9-73E6-4A93-B395-66A2EAE4BAB8}.Debug|Any CPU.Build.0 = Debug|Any CPU
		{F655A3C9-73E6-4A93-B395-66A2EAE4BAB8}.Debug|x64.ActiveCfg = Debug|x64
		{F655A3C9-73E6-4A93-B395-66A2EAE4BAB8}.Debug|x64.Build.0 = Debug|x64
		{F655A3C9-73E6-4A93-B395-66A2EAE4BAB8}.Debug|x86.ActiveCfg = Debug|Any CPU
		{F655A3C9-73E6-4A93-B395-66A2EAE4BAB8}.Debug|x86.Build.0 = Debug|Any CPU
		{F655A3C9-73E6-4A93-B395-66A2EAE4BAB8}.Release|Any CPU.ActiveCfg = Release|Any CPU
		{F655A3C9-73E6-4A93-B395-66A2EAE4BAB8}.Release|Any CPU.Build.0 = Release|Any CPU
		{F655A3C9-73E6-4A93-B395-66A2EAE4BAB8}.Release|x64.ActiveCfg = Release|x64
		{F655A3C9-73E6-4A93-B395-66A2EAE4BAB8}.Release|x64.Build.0 = Release|x64
		{F655A3C9-73E6-4A93-B395-66A2EAE4BAB8}.Release|x86.ActiveCfg = Release|Any CPU
		{F655A3C9-73E6-4A93-B395-66A2EAE4BAB8}.Release|x86.Build.0 = Release|Any CPU
		{0813ABBF-58C6-47EF-B6E2-813879A4A577}.Debug|Any CPU.ActiveCfg = Debug|Any CPU
		{0813ABBF-58C6-47EF-B6E2-813879A4A577}.Debug|Any CPU.Build.0 = Debug|Any CPU
		{0813ABBF-58C6-47EF-B6E2-813879A4A577}.Debug|x64.ActiveCfg = Debug|x64
		{0813ABBF-58C6-47EF-B6E2-813879A4A577}.Debug|x64.Build.0 = Debug|x64
		{0813ABBF-58C6-47EF-B6E2-813879A4A577}.Debug|x86.ActiveCfg = Debug|Any CPU
		{0813ABBF-58C6-47EF-B6E2-813879A4A577}.Debug|x86.Build.0 = Debug|Any CPU
		{0813ABBF-58C6-47EF-B6E2-813879A4A577}.Release|Any CPU.ActiveCfg = Release|Any CPU
		{0813ABBF-58C6-47EF-B6E2-813879A4A577}.Release|Any CPU.Build.0 = Release|Any CPU
		{0813ABBF-58C6-47EF-B6E2-813879A4A577}.Release|x64.ActiveCfg = Release|x64
		{0813ABBF-58C6-47EF-B6E2-813879A4A577}.Release|x64.Build.0 = Release|x64
		{0813ABBF-58C6-47EF-B6E2-813879A4A577}.Release|x86.ActiveCfg = Release|Any CPU
		{0813ABBF-58C6-47EF-B6E2-813879A4A577}.Release|x86.Build.0 = Release|Any CPU
		{35F0AC3D-9D92-4ACB-AD9E-13ABFCFB888C}.Debug|Any CPU.ActiveCfg = Debug|Any CPU
		{35F0AC3D-9D92-4ACB-AD9E-13ABFCFB888C}.Debug|Any CPU.Build.0 = Debug|Any CPU
		{35F0AC3D-9D92-4ACB-AD9E-13ABFCFB888C}.Debug|x64.ActiveCfg = Debug|x64
		{35F0AC3D-9D92-4ACB-AD9E-13ABFCFB888C}.Debug|x64.Build.0 = Debug|x64
		{35F0AC3D-9D92-4ACB-AD9E-13ABFCFB888C}.Debug|x86.ActiveCfg = Debug|Any CPU
		{35F0AC3D-9D92-4ACB-AD9E-13ABFCFB888C}.Debug|x86.Build.0 = Debug|Any CPU
		{35F0AC3D-9D92-4ACB-AD9E-13ABFCFB888C}.Release|Any CPU.ActiveCfg = Release|Any CPU
		{35F0AC3D-9D92-4ACB-AD9E-13ABFCFB888C}.Release|Any CPU.Build.0 = Release|Any CPU
		{35F0AC3D-9D92-4ACB-AD9E-13ABFCFB888C}.Release|x64.ActiveCfg = Release|x64
		{35F0AC3D-9D92-4ACB-AD9E-13ABFCFB888C}.Release|x64.Build.0 = Release|x64
		{35F0AC3D-9D92-4ACB-AD9E-13ABFCFB888C}.Release|x86.ActiveCfg = Release|Any CPU
		{35F0AC3D-9D92-4ACB-AD9E-13ABFCFB888C}.Release|x86.Build.0 = Release|Any CPU
		{D44BB599-8C7A-441E-AA9B-0A1611A56682}.Debug|Any CPU.ActiveCfg = Debug|Any CPU
		{D44BB599-8C7A-441E-AA9B-0A1611A56682}.Debug|Any CPU.Build.0 = Debug|Any CPU
		{D44BB599-8C7A-441E-AA9B-0A1611A56682}.Debug|x64.ActiveCfg = Debug|x64
		{D44BB599-8C7A-441E-AA9B-0A1611A56682}.Debug|x64.Build.0 = Debug|x64
		{D44BB599-8C7A-441E-AA9B-0A1611A56682}.Debug|x86.ActiveCfg = Debug|Any CPU
		{D44BB599-8C7A-441E-AA9B-0A1611A56682}.Debug|x86.Build.0 = Debug|Any CPU
		{D44BB599-8C7A-441E-AA9B-0A1611A56682}.Release|Any CPU.ActiveCfg = Release|Any CPU
		{D44BB599-8C7A-441E-AA9B-0A1611A56682}.Release|Any CPU.Build.0 = Release|Any CPU
		{D44BB599-8C7A-441E-AA9B-0A1611A56682}.Release|x64.ActiveCfg = Release|x64
		{D44BB599-8C7A-441E-AA9B-0A1611A56682}.Release|x64.Build.0 = Release|x64
		{D44BB599-8C7A-441E-AA9B-0A1611A56682}.Release|x86.ActiveCfg = Release|Any CPU
		{D44BB599-8C7A-441E-AA9B-0A1611A56682}.Release|x86.Build.0 = Release|Any CPU
		{A206E62B-DCC0-4B7F-9DEA-1DFFF60AC29A}.Debug|Any CPU.ActiveCfg = Debug|Any CPU
		{A206E62B-DCC0-4B7F-9DEA-1DFFF60AC29A}.Debug|Any CPU.Build.0 = Debug|Any CPU
		{A206E62B-DCC0-4B7F-9DEA-1DFFF60AC29A}.Debug|x64.ActiveCfg = Debug|x64
		{A206E62B-DCC0-4B7F-9DEA-1DFFF60AC29A}.Debug|x64.Build.0 = Debug|x64
		{A206E62B-DCC0-4B7F-9DEA-1DFFF60AC29A}.Debug|x86.ActiveCfg = Debug|Any CPU
		{A206E62B-DCC0-4B7F-9DEA-1DFFF60AC29A}.Debug|x86.Build.0 = Debug|Any CPU
		{A206E62B-DCC0-4B7F-9DEA-1DFFF60AC29A}.Release|Any CPU.ActiveCfg = Release|Any CPU
		{A206E62B-DCC0-4B7F-9DEA-1DFFF60AC29A}.Release|Any CPU.Build.0 = Release|Any CPU
		{A206E62B-DCC0-4B7F-9DEA-1DFFF60AC29A}.Release|x64.ActiveCfg = Release|x64
		{A206E62B-DCC0-4B7F-9DEA-1DFFF60AC29A}.Release|x64.Build.0 = Release|x64
		{A206E62B-DCC0-4B7F-9DEA-1DFFF60AC29A}.Release|x86.ActiveCfg = Release|Any CPU
		{A206E62B-DCC0-4B7F-9DEA-1DFFF60AC29A}.Release|x86.Build.0 = Release|Any CPU
		{09B4E4F2-DBF0-4735-839F-229B60B2C488}.Debug|Any CPU.ActiveCfg = Debug|Any CPU
		{09B4E4F2-DBF0-4735-839F-229B60B2C488}.Debug|Any CPU.Build.0 = Debug|Any CPU
		{09B4E4F2-DBF0-4735-839F-229B60B2C488}.Debug|x64.ActiveCfg = Debug|x64
		{09B4E4F2-DBF0-4735-839F-229B60B2C488}.Debug|x64.Build.0 = Debug|x64
		{09B4E4F2-DBF0-4735-839F-229B60B2C488}.Debug|x86.ActiveCfg = Debug|Any CPU
		{09B4E4F2-DBF0-4735-839F-229B60B2C488}.Debug|x86.Build.0 = Debug|Any CPU
		{09B4E4F2-DBF0-4735-839F-229B60B2C488}.Release|Any CPU.ActiveCfg = Release|Any CPU
		{09B4E4F2-DBF0-4735-839F-229B60B2C488}.Release|Any CPU.Build.0 = Release|Any CPU
		{09B4E4F2-DBF0-4735-839F-229B60B2C488}.Release|x64.ActiveCfg = Release|x64
		{09B4E4F2-DBF0-4735-839F-229B60B2C488}.Release|x64.Build.0 = Release|x64
		{09B4E4F2-DBF0-4735-839F-229B60B2C488}.Release|x86.ActiveCfg = Release|Any CPU
		{09B4E4F2-DBF0-4735-839F-229B60B2C488}.Release|x86.Build.0 = Release|Any CPU
		{4D59E17C-CFC3-4CF2-AA15-AB911C3EA5E0}.Debug|Any CPU.ActiveCfg = Debug|Any CPU
		{4D59E17C-CFC3-4CF2-AA15-AB911C3EA5E0}.Debug|Any CPU.Build.0 = Debug|Any CPU
		{4D59E17C-CFC3-4CF2-AA15-AB911C3EA5E0}.Debug|x64.ActiveCfg = Debug|x64
		{4D59E17C-CFC3-4CF2-AA15-AB911C3EA5E0}.Debug|x64.Build.0 = Debug|x64
		{4D59E17C-CFC3-4CF2-AA15-AB911C3EA5E0}.Debug|x86.ActiveCfg = Debug|Any CPU
		{4D59E17C-CFC3-4CF2-AA15-AB911C3EA5E0}.Debug|x86.Build.0 = Debug|Any CPU
		{4D59E17C-CFC3-4CF2-AA15-AB911C3EA5E0}.Release|Any CPU.ActiveCfg = Release|Any CPU
		{4D59E17C-CFC3-4CF2-AA15-AB911C3EA5E0}.Release|Any CPU.Build.0 = Release|Any CPU
		{4D59E17C-CFC3-4CF2-AA15-AB911C3EA5E0}.Release|x64.ActiveCfg = Release|x64
		{4D59E17C-CFC3-4CF2-AA15-AB911C3EA5E0}.Release|x64.Build.0 = Release|x64
		{4D59E17C-CFC3-4CF2-AA15-AB911C3EA5E0}.Release|x86.ActiveCfg = Release|Any CPU
		{4D59E17C-CFC3-4CF2-AA15-AB911C3EA5E0}.Release|x86.Build.0 = Release|Any CPU
		{2C2F367C-0F80-4F33-B0D2-4423FF6BD348}.Debug|Any CPU.ActiveCfg = Debug|Any CPU
		{2C2F367C-0F80-4F33-B0D2-4423FF6BD348}.Debug|Any CPU.Build.0 = Debug|Any CPU
		{2C2F367C-0F80-4F33-B0D2-4423FF6BD348}.Debug|x64.ActiveCfg = Debug|x64
		{2C2F367C-0F80-4F33-B0D2-4423FF6BD348}.Debug|x64.Build.0 = Debug|x64
		{2C2F367C-0F80-4F33-B0D2-4423FF6BD348}.Debug|x86.ActiveCfg = Debug|Any CPU
		{2C2F367C-0F80-4F33-B0D2-4423FF6BD348}.Debug|x86.Build.0 = Debug|Any CPU
		{2C2F367C-0F80-4F33-B0D2-4423FF6BD348}.Release|Any CPU.ActiveCfg = Release|Any CPU
		{2C2F367C-0F80-4F33-B0D2-4423FF6BD348}.Release|Any CPU.Build.0 = Release|Any CPU
		{2C2F367C-0F80-4F33-B0D2-4423FF6BD348}.Release|x64.ActiveCfg = Release|x64
		{2C2F367C-0F80-4F33-B0D2-4423FF6BD348}.Release|x64.Build.0 = Release|x64
		{2C2F367C-0F80-4F33-B0D2-4423FF6BD348}.Release|x86.ActiveCfg = Release|Any CPU
		{2C2F367C-0F80-4F33-B0D2-4423FF6BD348}.Release|x86.Build.0 = Release|Any CPU
		{C60BCED5-DF9A-4757-94FF-7C33AA97866A}.Debug|Any CPU.ActiveCfg = Debug|Any CPU
		{C60BCED5-DF9A-4757-94FF-7C33AA97866A}.Debug|Any CPU.Build.0 = Debug|Any CPU
		{C60BCED5-DF9A-4757-94FF-7C33AA97866A}.Debug|x64.ActiveCfg = Debug|x64
		{C60BCED5-DF9A-4757-94FF-7C33AA97866A}.Debug|x64.Build.0 = Debug|x64
		{C60BCED5-DF9A-4757-94FF-7C33AA97866A}.Debug|x86.ActiveCfg = Debug|Any CPU
		{C60BCED5-DF9A-4757-94FF-7C33AA97866A}.Debug|x86.Build.0 = Debug|Any CPU
		{C60BCED5-DF9A-4757-94FF-7C33AA97866A}.Release|Any CPU.ActiveCfg = Release|Any CPU
		{C60BCED5-DF9A-4757-94FF-7C33AA97866A}.Release|Any CPU.Build.0 = Release|Any CPU
		{C60BCED5-DF9A-4757-94FF-7C33AA97866A}.Release|x64.ActiveCfg = Release|x64
		{C60BCED5-DF9A-4757-94FF-7C33AA97866A}.Release|x64.Build.0 = Release|x64
		{C60BCED5-DF9A-4757-94FF-7C33AA97866A}.Release|x86.ActiveCfg = Release|Any CPU
		{C60BCED5-DF9A-4757-94FF-7C33AA97866A}.Release|x86.Build.0 = Release|Any CPU
		{F10D855E-2EFA-4085-8432-3EC8522FCBAD}.Debug|Any CPU.ActiveCfg = Debug|Any CPU
		{F10D855E-2EFA-4085-8432-3EC8522FCBAD}.Debug|Any CPU.Build.0 = Debug|Any CPU
		{F10D855E-2EFA-4085-8432-3EC8522FCBAD}.Debug|x64.ActiveCfg = Debug|x64
		{F10D855E-2EFA-4085-8432-3EC8522FCBAD}.Debug|x64.Build.0 = Debug|x64
		{F10D855E-2EFA-4085-8432-3EC8522FCBAD}.Debug|x86.ActiveCfg = Debug|Any CPU
		{F10D855E-2EFA-4085-8432-3EC8522FCBAD}.Debug|x86.Build.0 = Debug|Any CPU
		{F10D855E-2EFA-4085-8432-3EC8522FCBAD}.Release|Any CPU.ActiveCfg = Release|Any CPU
		{F10D855E-2EFA-4085-8432-3EC8522FCBAD}.Release|Any CPU.Build.0 = Release|Any CPU
		{F10D855E-2EFA-4085-8432-3EC8522FCBAD}.Release|x64.ActiveCfg = Release|x64
		{F10D855E-2EFA-4085-8432-3EC8522FCBAD}.Release|x64.Build.0 = Release|x64
		{F10D855E-2EFA-4085-8432-3EC8522FCBAD}.Release|x86.ActiveCfg = Release|Any CPU
		{F10D855E-2EFA-4085-8432-3EC8522FCBAD}.Release|x86.Build.0 = Release|Any CPU
		{EDDFB7F5-7F4F-42D0-976A-A0015420E447}.Debug|Any CPU.ActiveCfg = Debug|Any CPU
		{EDDFB7F5-7F4F-42D0-976A-A0015420E447}.Debug|Any CPU.Build.0 = Debug|Any CPU
		{EDDFB7F5-7F4F-42D0-976A-A0015420E447}.Debug|x64.ActiveCfg = Debug|x64
		{EDDFB7F5-7F4F-42D0-976A-A0015420E447}.Debug|x64.Build.0 = Debug|x64
		{EDDFB7F5-7F4F-42D0-976A-A0015420E447}.Debug|x86.ActiveCfg = Debug|Any CPU
		{EDDFB7F5-7F4F-42D0-976A-A0015420E447}.Debug|x86.Build.0 = Debug|Any CPU
		{EDDFB7F5-7F4F-42D0-976A-A0015420E447}.Release|Any CPU.ActiveCfg = Release|Any CPU
		{EDDFB7F5-7F4F-42D0-976A-A0015420E447}.Release|Any CPU.Build.0 = Release|Any CPU
		{EDDFB7F5-7F4F-42D0-976A-A0015420E447}.Release|x64.ActiveCfg = Release|x64
		{EDDFB7F5-7F4F-42D0-976A-A0015420E447}.Release|x64.Build.0 = Release|x64
		{EDDFB7F5-7F4F-42D0-976A-A0015420E447}.Release|x86.ActiveCfg = Release|Any CPU
		{EDDFB7F5-7F4F-42D0-976A-A0015420E447}.Release|x86.Build.0 = Release|Any CPU
		{95FA9CBD-03E0-4F56-9BB1-4A38FD4033B6}.Debug|Any CPU.ActiveCfg = Debug|Any CPU
		{95FA9CBD-03E0-4F56-9BB1-4A38FD4033B6}.Debug|Any CPU.Build.0 = Debug|Any CPU
		{95FA9CBD-03E0-4F56-9BB1-4A38FD4033B6}.Debug|x64.ActiveCfg = Debug|x64
		{95FA9CBD-03E0-4F56-9BB1-4A38FD4033B6}.Debug|x64.Build.0 = Debug|x64
		{95FA9CBD-03E0-4F56-9BB1-4A38FD4033B6}.Debug|x86.ActiveCfg = Debug|Any CPU
		{95FA9CBD-03E0-4F56-9BB1-4A38FD4033B6}.Debug|x86.Build.0 = Debug|Any CPU
		{95FA9CBD-03E0-4F56-9BB1-4A38FD4033B6}.Release|Any CPU.ActiveCfg = Release|Any CPU
		{95FA9CBD-03E0-4F56-9BB1-4A38FD4033B6}.Release|Any CPU.Build.0 = Release|Any CPU
		{95FA9CBD-03E0-4F56-9BB1-4A38FD4033B6}.Release|x64.ActiveCfg = Release|x64
		{95FA9CBD-03E0-4F56-9BB1-4A38FD4033B6}.Release|x64.Build.0 = Release|x64
		{95FA9CBD-03E0-4F56-9BB1-4A38FD4033B6}.Release|x86.ActiveCfg = Release|Any CPU
		{95FA9CBD-03E0-4F56-9BB1-4A38FD4033B6}.Release|x86.Build.0 = Release|Any CPU
		{27C7BF6D-47AF-49CB-A981-29C5C0BF73C9}.Debug|Any CPU.ActiveCfg = Debug|Any CPU
		{27C7BF6D-47AF-49CB-A981-29C5C0BF73C9}.Debug|Any CPU.Build.0 = Debug|Any CPU
		{27C7BF6D-47AF-49CB-A981-29C5C0BF73C9}.Debug|x64.ActiveCfg = Debug|x64
		{27C7BF6D-47AF-49CB-A981-29C5C0BF73C9}.Debug|x64.Build.0 = Debug|x64
		{27C7BF6D-47AF-49CB-A981-29C5C0BF73C9}.Debug|x86.ActiveCfg = Debug|Any CPU
		{27C7BF6D-47AF-49CB-A981-29C5C0BF73C9}.Debug|x86.Build.0 = Debug|Any CPU
		{27C7BF6D-47AF-49CB-A981-29C5C0BF73C9}.Release|Any CPU.ActiveCfg = Release|Any CPU
		{27C7BF6D-47AF-49CB-A981-29C5C0BF73C9}.Release|Any CPU.Build.0 = Release|Any CPU
		{27C7BF6D-47AF-49CB-A981-29C5C0BF73C9}.Release|x64.ActiveCfg = Release|x64
		{27C7BF6D-47AF-49CB-A981-29C5C0BF73C9}.Release|x64.Build.0 = Release|x64
		{27C7BF6D-47AF-49CB-A981-29C5C0BF73C9}.Release|x86.ActiveCfg = Release|Any CPU
		{27C7BF6D-47AF-49CB-A981-29C5C0BF73C9}.Release|x86.Build.0 = Release|Any CPU
		{2A65D29F-AF0C-42BC-80E7-D3C4AD534A6A}.Debug|Any CPU.ActiveCfg = Debug|Any CPU
		{2A65D29F-AF0C-42BC-80E7-D3C4AD534A6A}.Debug|Any CPU.Build.0 = Debug|Any CPU
		{2A65D29F-AF0C-42BC-80E7-D3C4AD534A6A}.Debug|x64.ActiveCfg = Debug|x64
		{2A65D29F-AF0C-42BC-80E7-D3C4AD534A6A}.Debug|x64.Build.0 = Debug|x64
		{2A65D29F-AF0C-42BC-80E7-D3C4AD534A6A}.Debug|x86.ActiveCfg = Debug|Any CPU
		{2A65D29F-AF0C-42BC-80E7-D3C4AD534A6A}.Debug|x86.Build.0 = Debug|Any CPU
		{2A65D29F-AF0C-42BC-80E7-D3C4AD534A6A}.Release|Any CPU.ActiveCfg = Release|Any CPU
		{2A65D29F-AF0C-42BC-80E7-D3C4AD534A6A}.Release|Any CPU.Build.0 = Release|Any CPU
		{2A65D29F-AF0C-42BC-80E7-D3C4AD534A6A}.Release|x64.ActiveCfg = Release|x64
		{2A65D29F-AF0C-42BC-80E7-D3C4AD534A6A}.Release|x64.Build.0 = Release|x64
		{2A65D29F-AF0C-42BC-80E7-D3C4AD534A6A}.Release|x86.ActiveCfg = Release|Any CPU
		{2A65D29F-AF0C-42BC-80E7-D3C4AD534A6A}.Release|x86.Build.0 = Release|Any CPU
		{92470B63-3D9D-4224-A7B1-4B004F836E67}.Debug|Any CPU.ActiveCfg = Debug|Any CPU
		{92470B63-3D9D-4224-A7B1-4B004F836E67}.Debug|Any CPU.Build.0 = Debug|Any CPU
		{92470B63-3D9D-4224-A7B1-4B004F836E67}.Debug|x64.ActiveCfg = Debug|x64
		{92470B63-3D9D-4224-A7B1-4B004F836E67}.Debug|x64.Build.0 = Debug|x64
		{92470B63-3D9D-4224-A7B1-4B004F836E67}.Debug|x86.ActiveCfg = Debug|Any CPU
		{92470B63-3D9D-4224-A7B1-4B004F836E67}.Debug|x86.Build.0 = Debug|Any CPU
		{92470B63-3D9D-4224-A7B1-4B004F836E67}.Release|Any CPU.ActiveCfg = Release|Any CPU
		{92470B63-3D9D-4224-A7B1-4B004F836E67}.Release|Any CPU.Build.0 = Release|Any CPU
		{92470B63-3D9D-4224-A7B1-4B004F836E67}.Release|x64.ActiveCfg = Release|x64
		{92470B63-3D9D-4224-A7B1-4B004F836E67}.Release|x64.Build.0 = Release|x64
		{92470B63-3D9D-4224-A7B1-4B004F836E67}.Release|x86.ActiveCfg = Release|Any CPU
		{92470B63-3D9D-4224-A7B1-4B004F836E67}.Release|x86.Build.0 = Release|Any CPU
		{A0D300D0-F1A9-40AB-8F11-00FEA5EC5CBF}.Debug|Any CPU.ActiveCfg = Debug|Any CPU
		{A0D300D0-F1A9-40AB-8F11-00FEA5EC5CBF}.Debug|Any CPU.Build.0 = Debug|Any CPU
		{A0D300D0-F1A9-40AB-8F11-00FEA5EC5CBF}.Debug|x64.ActiveCfg = Debug|x64
		{A0D300D0-F1A9-40AB-8F11-00FEA5EC5CBF}.Debug|x64.Build.0 = Debug|x64
		{A0D300D0-F1A9-40AB-8F11-00FEA5EC5CBF}.Debug|x86.ActiveCfg = Debug|Any CPU
		{A0D300D0-F1A9-40AB-8F11-00FEA5EC5CBF}.Debug|x86.Build.0 = Debug|Any CPU
		{A0D300D0-F1A9-40AB-8F11-00FEA5EC5CBF}.Release|Any CPU.ActiveCfg = Release|Any CPU
		{A0D300D0-F1A9-40AB-8F11-00FEA5EC5CBF}.Release|Any CPU.Build.0 = Release|Any CPU
		{A0D300D0-F1A9-40AB-8F11-00FEA5EC5CBF}.Release|x64.ActiveCfg = Release|x64
		{A0D300D0-F1A9-40AB-8F11-00FEA5EC5CBF}.Release|x64.Build.0 = Release|x64
		{A0D300D0-F1A9-40AB-8F11-00FEA5EC5CBF}.Release|x86.ActiveCfg = Release|Any CPU
		{A0D300D0-F1A9-40AB-8F11-00FEA5EC5CBF}.Release|x86.Build.0 = Release|Any CPU
		{A4573194-01A2-4069-AC08-CA2592D371B5}.Debug|Any CPU.ActiveCfg = Debug|Any CPU
		{A4573194-01A2-4069-AC08-CA2592D371B5}.Debug|Any CPU.Build.0 = Debug|Any CPU
		{A4573194-01A2-4069-AC08-CA2592D371B5}.Debug|x64.ActiveCfg = Debug|x64
		{A4573194-01A2-4069-AC08-CA2592D371B5}.Debug|x64.Build.0 = Debug|x64
		{A4573194-01A2-4069-AC08-CA2592D371B5}.Debug|x86.ActiveCfg = Debug|Any CPU
		{A4573194-01A2-4069-AC08-CA2592D371B5}.Debug|x86.Build.0 = Debug|Any CPU
		{A4573194-01A2-4069-AC08-CA2592D371B5}.Release|Any CPU.ActiveCfg = Release|Any CPU
		{A4573194-01A2-4069-AC08-CA2592D371B5}.Release|Any CPU.Build.0 = Release|Any CPU
		{A4573194-01A2-4069-AC08-CA2592D371B5}.Release|x64.ActiveCfg = Release|x64
		{A4573194-01A2-4069-AC08-CA2592D371B5}.Release|x64.Build.0 = Release|x64
		{A4573194-01A2-4069-AC08-CA2592D371B5}.Release|x86.ActiveCfg = Release|Any CPU
		{A4573194-01A2-4069-AC08-CA2592D371B5}.Release|x86.Build.0 = Release|Any CPU
		{6F731782-B740-4C3E-BCD4-8CE30427745B}.Debug|Any CPU.ActiveCfg = Debug|Any CPU
		{6F731782-B740-4C3E-BCD4-8CE30427745B}.Debug|Any CPU.Build.0 = Debug|Any CPU
		{6F731782-B740-4C3E-BCD4-8CE30427745B}.Debug|x64.ActiveCfg = Debug|x64
		{6F731782-B740-4C3E-BCD4-8CE30427745B}.Debug|x64.Build.0 = Debug|x64
		{6F731782-B740-4C3E-BCD4-8CE30427745B}.Debug|x86.ActiveCfg = Debug|Any CPU
		{6F731782-B740-4C3E-BCD4-8CE30427745B}.Debug|x86.Build.0 = Debug|Any CPU
		{6F731782-B740-4C3E-BCD4-8CE30427745B}.Release|Any CPU.ActiveCfg = Release|Any CPU
		{6F731782-B740-4C3E-BCD4-8CE30427745B}.Release|Any CPU.Build.0 = Release|Any CPU
		{6F731782-B740-4C3E-BCD4-8CE30427745B}.Release|x64.ActiveCfg = Release|x64
		{6F731782-B740-4C3E-BCD4-8CE30427745B}.Release|x64.Build.0 = Release|x64
		{6F731782-B740-4C3E-BCD4-8CE30427745B}.Release|x86.ActiveCfg = Release|Any CPU
		{6F731782-B740-4C3E-BCD4-8CE30427745B}.Release|x86.Build.0 = Release|Any CPU
		{86B18525-EA2F-4A98-B0CE-5825FCF4F769}.Debug|Any CPU.ActiveCfg = Debug|Any CPU
		{86B18525-EA2F-4A98-B0CE-5825FCF4F769}.Debug|Any CPU.Build.0 = Debug|Any CPU
		{86B18525-EA2F-4A98-B0CE-5825FCF4F769}.Debug|x64.ActiveCfg = Debug|x64
		{86B18525-EA2F-4A98-B0CE-5825FCF4F769}.Debug|x64.Build.0 = Debug|x64
		{86B18525-EA2F-4A98-B0CE-5825FCF4F769}.Debug|x86.ActiveCfg = Debug|Any CPU
		{86B18525-EA2F-4A98-B0CE-5825FCF4F769}.Debug|x86.Build.0 = Debug|Any CPU
		{86B18525-EA2F-4A98-B0CE-5825FCF4F769}.Release|Any CPU.ActiveCfg = Release|Any CPU
		{86B18525-EA2F-4A98-B0CE-5825FCF4F769}.Release|Any CPU.Build.0 = Release|Any CPU
		{86B18525-EA2F-4A98-B0CE-5825FCF4F769}.Release|x64.ActiveCfg = Release|x64
		{86B18525-EA2F-4A98-B0CE-5825FCF4F769}.Release|x64.Build.0 = Release|x64
		{86B18525-EA2F-4A98-B0CE-5825FCF4F769}.Release|x86.ActiveCfg = Release|Any CPU
		{86B18525-EA2F-4A98-B0CE-5825FCF4F769}.Release|x86.Build.0 = Release|Any CPU
		{36F50884-874A-43EF-BA37-76969C9A293D}.Debug|Any CPU.ActiveCfg = Debug|Any CPU
		{36F50884-874A-43EF-BA37-76969C9A293D}.Debug|Any CPU.Build.0 = Debug|Any CPU
		{36F50884-874A-43EF-BA37-76969C9A293D}.Debug|x64.ActiveCfg = Debug|x64
		{36F50884-874A-43EF-BA37-76969C9A293D}.Debug|x64.Build.0 = Debug|x64
		{36F50884-874A-43EF-BA37-76969C9A293D}.Debug|x86.ActiveCfg = Debug|Any CPU
		{36F50884-874A-43EF-BA37-76969C9A293D}.Debug|x86.Build.0 = Debug|Any CPU
		{36F50884-874A-43EF-BA37-76969C9A293D}.Release|Any CPU.ActiveCfg = Release|Any CPU
		{36F50884-874A-43EF-BA37-76969C9A293D}.Release|Any CPU.Build.0 = Release|Any CPU
		{36F50884-874A-43EF-BA37-76969C9A293D}.Release|x64.ActiveCfg = Release|x64
		{36F50884-874A-43EF-BA37-76969C9A293D}.Release|x64.Build.0 = Release|x64
		{36F50884-874A-43EF-BA37-76969C9A293D}.Release|x86.ActiveCfg = Release|Any CPU
		{36F50884-874A-43EF-BA37-76969C9A293D}.Release|x86.Build.0 = Release|Any CPU
		{83E739FD-852E-45FC-82D9-CCFD04147FE2}.Debug|Any CPU.ActiveCfg = Debug|Any CPU
		{83E739FD-852E-45FC-82D9-CCFD04147FE2}.Debug|Any CPU.Build.0 = Debug|Any CPU
		{83E739FD-852E-45FC-82D9-CCFD04147FE2}.Debug|x64.ActiveCfg = Debug|x64
		{83E739FD-852E-45FC-82D9-CCFD04147FE2}.Debug|x64.Build.0 = Debug|x64
		{83E739FD-852E-45FC-82D9-CCFD04147FE2}.Debug|x86.ActiveCfg = Debug|Any CPU
		{83E739FD-852E-45FC-82D9-CCFD04147FE2}.Debug|x86.Build.0 = Debug|Any CPU
		{83E739FD-852E-45FC-82D9-CCFD04147FE2}.Release|Any CPU.ActiveCfg = Release|Any CPU
		{83E739FD-852E-45FC-82D9-CCFD04147FE2}.Release|Any CPU.Build.0 = Release|Any CPU
		{83E739FD-852E-45FC-82D9-CCFD04147FE2}.Release|x64.ActiveCfg = Release|x64
		{83E739FD-852E-45FC-82D9-CCFD04147FE2}.Release|x64.Build.0 = Release|x64
		{83E739FD-852E-45FC-82D9-CCFD04147FE2}.Release|x86.ActiveCfg = Release|Any CPU
		{83E739FD-852E-45FC-82D9-CCFD04147FE2}.Release|x86.Build.0 = Release|Any CPU
		{062BC245-3D26-4AED-B176-5257D5977A78}.Debug|Any CPU.ActiveCfg = Debug|Any CPU
		{062BC245-3D26-4AED-B176-5257D5977A78}.Debug|Any CPU.Build.0 = Debug|Any CPU
		{062BC245-3D26-4AED-B176-5257D5977A78}.Debug|x64.ActiveCfg = Debug|x64
		{062BC245-3D26-4AED-B176-5257D5977A78}.Debug|x64.Build.0 = Debug|x64
		{062BC245-3D26-4AED-B176-5257D5977A78}.Debug|x86.ActiveCfg = Debug|Any CPU
		{062BC245-3D26-4AED-B176-5257D5977A78}.Debug|x86.Build.0 = Debug|Any CPU
		{062BC245-3D26-4AED-B176-5257D5977A78}.Release|Any CPU.ActiveCfg = Release|Any CPU
		{062BC245-3D26-4AED-B176-5257D5977A78}.Release|Any CPU.Build.0 = Release|Any CPU
		{062BC245-3D26-4AED-B176-5257D5977A78}.Release|x64.ActiveCfg = Release|x64
		{062BC245-3D26-4AED-B176-5257D5977A78}.Release|x64.Build.0 = Release|x64
		{062BC245-3D26-4AED-B176-5257D5977A78}.Release|x86.ActiveCfg = Release|Any CPU
		{062BC245-3D26-4AED-B176-5257D5977A78}.Release|x86.Build.0 = Release|Any CPU
		{2BD77B83-D22A-4A78-B62A-6E1300E0E106}.Debug|Any CPU.ActiveCfg = Debug|Any CPU
		{2BD77B83-D22A-4A78-B62A-6E1300E0E106}.Debug|Any CPU.Build.0 = Debug|Any CPU
		{2BD77B83-D22A-4A78-B62A-6E1300E0E106}.Debug|x64.ActiveCfg = Debug|x64
		{2BD77B83-D22A-4A78-B62A-6E1300E0E106}.Debug|x64.Build.0 = Debug|x64
		{2BD77B83-D22A-4A78-B62A-6E1300E0E106}.Debug|x86.ActiveCfg = Debug|Any CPU
		{2BD77B83-D22A-4A78-B62A-6E1300E0E106}.Debug|x86.Build.0 = Debug|Any CPU
		{2BD77B83-D22A-4A78-B62A-6E1300E0E106}.Release|Any CPU.ActiveCfg = Release|Any CPU
		{2BD77B83-D22A-4A78-B62A-6E1300E0E106}.Release|Any CPU.Build.0 = Release|Any CPU
		{2BD77B83-D22A-4A78-B62A-6E1300E0E106}.Release|x64.ActiveCfg = Release|x64
		{2BD77B83-D22A-4A78-B62A-6E1300E0E106}.Release|x64.Build.0 = Release|x64
		{2BD77B83-D22A-4A78-B62A-6E1300E0E106}.Release|x86.ActiveCfg = Release|Any CPU
		{2BD77B83-D22A-4A78-B62A-6E1300E0E106}.Release|x86.Build.0 = Release|Any CPU
		{EEC7BE7C-189B-47D8-B924-56367CFE2DCF}.Debug|Any CPU.ActiveCfg = Debug|Any CPU
		{EEC7BE7C-189B-47D8-B924-56367CFE2DCF}.Debug|Any CPU.Build.0 = Debug|Any CPU
		{EEC7BE7C-189B-47D8-B924-56367CFE2DCF}.Debug|x64.ActiveCfg = Debug|x64
		{EEC7BE7C-189B-47D8-B924-56367CFE2DCF}.Debug|x64.Build.0 = Debug|x64
		{EEC7BE7C-189B-47D8-B924-56367CFE2DCF}.Debug|x86.ActiveCfg = Debug|Any CPU
		{EEC7BE7C-189B-47D8-B924-56367CFE2DCF}.Debug|x86.Build.0 = Debug|Any CPU
		{EEC7BE7C-189B-47D8-B924-56367CFE2DCF}.Release|Any CPU.ActiveCfg = Release|Any CPU
		{EEC7BE7C-189B-47D8-B924-56367CFE2DCF}.Release|Any CPU.Build.0 = Release|Any CPU
		{EEC7BE7C-189B-47D8-B924-56367CFE2DCF}.Release|x64.ActiveCfg = Release|Any CPU
		{EEC7BE7C-189B-47D8-B924-56367CFE2DCF}.Release|x64.Build.0 = Release|Any CPU
		{EEC7BE7C-189B-47D8-B924-56367CFE2DCF}.Release|x86.ActiveCfg = Release|Any CPU
		{EEC7BE7C-189B-47D8-B924-56367CFE2DCF}.Release|x86.Build.0 = Release|Any CPU
		{9155F350-1488-45D8-866B-9EA0DBB58E2E}.Debug|Any CPU.ActiveCfg = Debug|Any CPU
		{9155F350-1488-45D8-866B-9EA0DBB58E2E}.Debug|Any CPU.Build.0 = Debug|Any CPU
		{9155F350-1488-45D8-866B-9EA0DBB58E2E}.Debug|x64.ActiveCfg = Debug|x64
		{9155F350-1488-45D8-866B-9EA0DBB58E2E}.Debug|x64.Build.0 = Debug|x64
		{9155F350-1488-45D8-866B-9EA0DBB58E2E}.Debug|x86.ActiveCfg = Debug|Any CPU
		{9155F350-1488-45D8-866B-9EA0DBB58E2E}.Debug|x86.Build.0 = Debug|Any CPU
		{9155F350-1488-45D8-866B-9EA0DBB58E2E}.Release|Any CPU.ActiveCfg = Release|Any CPU
		{9155F350-1488-45D8-866B-9EA0DBB58E2E}.Release|Any CPU.Build.0 = Release|Any CPU
		{9155F350-1488-45D8-866B-9EA0DBB58E2E}.Release|x64.ActiveCfg = Release|x64
		{9155F350-1488-45D8-866B-9EA0DBB58E2E}.Release|x64.Build.0 = Release|x64
		{9155F350-1488-45D8-866B-9EA0DBB58E2E}.Release|x86.ActiveCfg = Release|Any CPU
		{9155F350-1488-45D8-866B-9EA0DBB58E2E}.Release|x86.Build.0 = Release|Any CPU
		{0FAB30CE-F5FF-4444-B446-8D4A6E2AE69C}.Debug|Any CPU.ActiveCfg = Debug|Any CPU
		{0FAB30CE-F5FF-4444-B446-8D4A6E2AE69C}.Debug|Any CPU.Build.0 = Debug|Any CPU
		{0FAB30CE-F5FF-4444-B446-8D4A6E2AE69C}.Debug|x64.ActiveCfg = Debug|x64
		{0FAB30CE-F5FF-4444-B446-8D4A6E2AE69C}.Debug|x64.Build.0 = Debug|x64
		{0FAB30CE-F5FF-4444-B446-8D4A6E2AE69C}.Debug|x86.ActiveCfg = Debug|Any CPU
		{0FAB30CE-F5FF-4444-B446-8D4A6E2AE69C}.Debug|x86.Build.0 = Debug|Any CPU
		{0FAB30CE-F5FF-4444-B446-8D4A6E2AE69C}.Release|Any CPU.ActiveCfg = Release|Any CPU
		{0FAB30CE-F5FF-4444-B446-8D4A6E2AE69C}.Release|Any CPU.Build.0 = Release|Any CPU
		{0FAB30CE-F5FF-4444-B446-8D4A6E2AE69C}.Release|x64.ActiveCfg = Release|Any CPU
		{0FAB30CE-F5FF-4444-B446-8D4A6E2AE69C}.Release|x64.Build.0 = Release|Any CPU
		{0FAB30CE-F5FF-4444-B446-8D4A6E2AE69C}.Release|x86.ActiveCfg = Release|Any CPU
		{0FAB30CE-F5FF-4444-B446-8D4A6E2AE69C}.Release|x86.Build.0 = Release|Any CPU
		{B40E319D-2F2F-433A-9B62-000E082A6E5C}.Debug|Any CPU.ActiveCfg = Debug|Any CPU
		{B40E319D-2F2F-433A-9B62-000E082A6E5C}.Debug|Any CPU.Build.0 = Debug|Any CPU
		{B40E319D-2F2F-433A-9B62-000E082A6E5C}.Debug|x64.ActiveCfg = Debug|x64
		{B40E319D-2F2F-433A-9B62-000E082A6E5C}.Debug|x64.Build.0 = Debug|x64
		{B40E319D-2F2F-433A-9B62-000E082A6E5C}.Debug|x86.ActiveCfg = Debug|Any CPU
		{B40E319D-2F2F-433A-9B62-000E082A6E5C}.Debug|x86.Build.0 = Debug|Any CPU
		{B40E319D-2F2F-433A-9B62-000E082A6E5C}.Release|Any CPU.ActiveCfg = Release|Any CPU
		{B40E319D-2F2F-433A-9B62-000E082A6E5C}.Release|Any CPU.Build.0 = Release|Any CPU
		{B40E319D-2F2F-433A-9B62-000E082A6E5C}.Release|x64.ActiveCfg = Release|Any CPU
		{B40E319D-2F2F-433A-9B62-000E082A6E5C}.Release|x64.Build.0 = Release|Any CPU
		{B40E319D-2F2F-433A-9B62-000E082A6E5C}.Release|x86.ActiveCfg = Release|Any CPU
		{B40E319D-2F2F-433A-9B62-000E082A6E5C}.Release|x86.Build.0 = Release|Any CPU
		{DE903D91-1350-498A-95EA-1A3DD9F5D73C}.Debug|Any CPU.ActiveCfg = Debug|Any CPU
		{DE903D91-1350-498A-95EA-1A3DD9F5D73C}.Debug|Any CPU.Build.0 = Debug|Any CPU
		{DE903D91-1350-498A-95EA-1A3DD9F5D73C}.Debug|x64.ActiveCfg = Debug|x64
		{DE903D91-1350-498A-95EA-1A3DD9F5D73C}.Debug|x64.Build.0 = Debug|x64
		{DE903D91-1350-498A-95EA-1A3DD9F5D73C}.Debug|x86.ActiveCfg = Debug|Any CPU
		{DE903D91-1350-498A-95EA-1A3DD9F5D73C}.Debug|x86.Build.0 = Debug|Any CPU
		{DE903D91-1350-498A-95EA-1A3DD9F5D73C}.Release|Any CPU.ActiveCfg = Release|Any CPU
		{DE903D91-1350-498A-95EA-1A3DD9F5D73C}.Release|Any CPU.Build.0 = Release|Any CPU
		{DE903D91-1350-498A-95EA-1A3DD9F5D73C}.Release|x64.ActiveCfg = Release|Any CPU
		{DE903D91-1350-498A-95EA-1A3DD9F5D73C}.Release|x64.Build.0 = Release|Any CPU
		{DE903D91-1350-498A-95EA-1A3DD9F5D73C}.Release|x86.ActiveCfg = Release|Any CPU
		{DE903D91-1350-498A-95EA-1A3DD9F5D73C}.Release|x86.Build.0 = Release|Any CPU
		{5C73674E-ECCD-4571-9CB5-0B374833B027}.Debug|Any CPU.ActiveCfg = Debug|Any CPU
		{5C73674E-ECCD-4571-9CB5-0B374833B027}.Debug|Any CPU.Build.0 = Debug|Any CPU
		{5C73674E-ECCD-4571-9CB5-0B374833B027}.Debug|x64.ActiveCfg = Debug|x64
		{5C73674E-ECCD-4571-9CB5-0B374833B027}.Debug|x64.Build.0 = Debug|x64
		{5C73674E-ECCD-4571-9CB5-0B374833B027}.Debug|x86.ActiveCfg = Debug|Any CPU
		{5C73674E-ECCD-4571-9CB5-0B374833B027}.Debug|x86.Build.0 = Debug|Any CPU
		{5C73674E-ECCD-4571-9CB5-0B374833B027}.Release|Any CPU.ActiveCfg = Release|Any CPU
		{5C73674E-ECCD-4571-9CB5-0B374833B027}.Release|Any CPU.Build.0 = Release|Any CPU
		{5C73674E-ECCD-4571-9CB5-0B374833B027}.Release|x64.ActiveCfg = Release|Any CPU
		{5C73674E-ECCD-4571-9CB5-0B374833B027}.Release|x64.Build.0 = Release|Any CPU
		{5C73674E-ECCD-4571-9CB5-0B374833B027}.Release|x86.ActiveCfg = Release|Any CPU
		{5C73674E-ECCD-4571-9CB5-0B374833B027}.Release|x86.Build.0 = Release|Any CPU
		{56F52C54-33FD-49FD-85D9-DB5225D38E8C}.Debug|Any CPU.ActiveCfg = Debug|Any CPU
		{56F52C54-33FD-49FD-85D9-DB5225D38E8C}.Debug|Any CPU.Build.0 = Debug|Any CPU
		{56F52C54-33FD-49FD-85D9-DB5225D38E8C}.Debug|x64.ActiveCfg = Debug|x64
		{56F52C54-33FD-49FD-85D9-DB5225D38E8C}.Debug|x64.Build.0 = Debug|x64
		{56F52C54-33FD-49FD-85D9-DB5225D38E8C}.Debug|x86.ActiveCfg = Debug|Any CPU
		{56F52C54-33FD-49FD-85D9-DB5225D38E8C}.Debug|x86.Build.0 = Debug|Any CPU
		{56F52C54-33FD-49FD-85D9-DB5225D38E8C}.Release|Any CPU.ActiveCfg = Release|Any CPU
		{56F52C54-33FD-49FD-85D9-DB5225D38E8C}.Release|Any CPU.Build.0 = Release|Any CPU
		{56F52C54-33FD-49FD-85D9-DB5225D38E8C}.Release|x64.ActiveCfg = Release|Any CPU
		{56F52C54-33FD-49FD-85D9-DB5225D38E8C}.Release|x64.Build.0 = Release|Any CPU
		{56F52C54-33FD-49FD-85D9-DB5225D38E8C}.Release|x86.ActiveCfg = Release|Any CPU
		{56F52C54-33FD-49FD-85D9-DB5225D38E8C}.Release|x86.Build.0 = Release|Any CPU
		{7417C459-E38E-4046-B05C-8E6BC49AD04B}.Debug|Any CPU.ActiveCfg = Debug|Any CPU
		{7417C459-E38E-4046-B05C-8E6BC49AD04B}.Debug|Any CPU.Build.0 = Debug|Any CPU
		{7417C459-E38E-4046-B05C-8E6BC49AD04B}.Debug|x64.ActiveCfg = Debug|x64
		{7417C459-E38E-4046-B05C-8E6BC49AD04B}.Debug|x64.Build.0 = Debug|x64
		{7417C459-E38E-4046-B05C-8E6BC49AD04B}.Debug|x86.ActiveCfg = Debug|Any CPU
		{7417C459-E38E-4046-B05C-8E6BC49AD04B}.Debug|x86.Build.0 = Debug|Any CPU
		{7417C459-E38E-4046-B05C-8E6BC49AD04B}.Release|Any CPU.ActiveCfg = Release|Any CPU
		{7417C459-E38E-4046-B05C-8E6BC49AD04B}.Release|Any CPU.Build.0 = Release|Any CPU
		{7417C459-E38E-4046-B05C-8E6BC49AD04B}.Release|x64.ActiveCfg = Release|Any CPU
		{7417C459-E38E-4046-B05C-8E6BC49AD04B}.Release|x64.Build.0 = Release|Any CPU
		{7417C459-E38E-4046-B05C-8E6BC49AD04B}.Release|x86.ActiveCfg = Release|Any CPU
		{7417C459-E38E-4046-B05C-8E6BC49AD04B}.Release|x86.Build.0 = Release|Any CPU
		{BD039413-6556-4A43-9B9E-C438D49FF07A}.Debug|Any CPU.ActiveCfg = Debug|Any CPU
		{BD039413-6556-4A43-9B9E-C438D49FF07A}.Debug|Any CPU.Build.0 = Debug|Any CPU
		{BD039413-6556-4A43-9B9E-C438D49FF07A}.Debug|x64.ActiveCfg = Debug|x64
		{BD039413-6556-4A43-9B9E-C438D49FF07A}.Debug|x64.Build.0 = Debug|x64
		{BD039413-6556-4A43-9B9E-C438D49FF07A}.Debug|x86.ActiveCfg = Debug|Any CPU
		{BD039413-6556-4A43-9B9E-C438D49FF07A}.Debug|x86.Build.0 = Debug|Any CPU
		{BD039413-6556-4A43-9B9E-C438D49FF07A}.Release|Any CPU.ActiveCfg = Release|Any CPU
		{BD039413-6556-4A43-9B9E-C438D49FF07A}.Release|Any CPU.Build.0 = Release|Any CPU
		{BD039413-6556-4A43-9B9E-C438D49FF07A}.Release|x64.ActiveCfg = Release|Any CPU
		{BD039413-6556-4A43-9B9E-C438D49FF07A}.Release|x64.Build.0 = Release|Any CPU
		{BD039413-6556-4A43-9B9E-C438D49FF07A}.Release|x86.ActiveCfg = Release|Any CPU
		{BD039413-6556-4A43-9B9E-C438D49FF07A}.Release|x86.Build.0 = Release|Any CPU
		{7FBEDD34-0148-48D8-996E-F160BD88F0FD}.Debug|Any CPU.ActiveCfg = Debug|Any CPU
		{7FBEDD34-0148-48D8-996E-F160BD88F0FD}.Debug|Any CPU.Build.0 = Debug|Any CPU
		{7FBEDD34-0148-48D8-996E-F160BD88F0FD}.Debug|x64.ActiveCfg = Debug|x64
		{7FBEDD34-0148-48D8-996E-F160BD88F0FD}.Debug|x64.Build.0 = Debug|x64
		{7FBEDD34-0148-48D8-996E-F160BD88F0FD}.Debug|x86.ActiveCfg = Debug|Any CPU
		{7FBEDD34-0148-48D8-996E-F160BD88F0FD}.Debug|x86.Build.0 = Debug|Any CPU
		{7FBEDD34-0148-48D8-996E-F160BD88F0FD}.Release|Any CPU.ActiveCfg = Release|Any CPU
		{7FBEDD34-0148-48D8-996E-F160BD88F0FD}.Release|Any CPU.Build.0 = Release|Any CPU
		{7FBEDD34-0148-48D8-996E-F160BD88F0FD}.Release|x64.ActiveCfg = Release|Any CPU
		{7FBEDD34-0148-48D8-996E-F160BD88F0FD}.Release|x64.Build.0 = Release|Any CPU
		{7FBEDD34-0148-48D8-996E-F160BD88F0FD}.Release|x86.ActiveCfg = Release|Any CPU
		{7FBEDD34-0148-48D8-996E-F160BD88F0FD}.Release|x86.Build.0 = Release|Any CPU
		{45F9D27B-67D5-4BE3-AA41-DAFFDCB13285}.Debug|Any CPU.ActiveCfg = Debug|Any CPU
		{45F9D27B-67D5-4BE3-AA41-DAFFDCB13285}.Debug|Any CPU.Build.0 = Debug|Any CPU
		{45F9D27B-67D5-4BE3-AA41-DAFFDCB13285}.Debug|x64.ActiveCfg = Debug|x64
		{45F9D27B-67D5-4BE3-AA41-DAFFDCB13285}.Debug|x64.Build.0 = Debug|x64
		{45F9D27B-67D5-4BE3-AA41-DAFFDCB13285}.Debug|x86.ActiveCfg = Debug|Any CPU
		{45F9D27B-67D5-4BE3-AA41-DAFFDCB13285}.Debug|x86.Build.0 = Debug|Any CPU
		{45F9D27B-67D5-4BE3-AA41-DAFFDCB13285}.Release|Any CPU.ActiveCfg = Release|Any CPU
		{45F9D27B-67D5-4BE3-AA41-DAFFDCB13285}.Release|Any CPU.Build.0 = Release|Any CPU
		{45F9D27B-67D5-4BE3-AA41-DAFFDCB13285}.Release|x64.ActiveCfg = Release|Any CPU
		{45F9D27B-67D5-4BE3-AA41-DAFFDCB13285}.Release|x64.Build.0 = Release|Any CPU
		{45F9D27B-67D5-4BE3-AA41-DAFFDCB13285}.Release|x86.ActiveCfg = Release|Any CPU
		{45F9D27B-67D5-4BE3-AA41-DAFFDCB13285}.Release|x86.Build.0 = Release|Any CPU
		{B9624A19-88C6-4831-AFD0-4F60B45C5E98}.Debug|Any CPU.ActiveCfg = Debug|Any CPU
		{B9624A19-88C6-4831-AFD0-4F60B45C5E98}.Debug|Any CPU.Build.0 = Debug|Any CPU
		{B9624A19-88C6-4831-AFD0-4F60B45C5E98}.Debug|x64.ActiveCfg = Debug|x64
		{B9624A19-88C6-4831-AFD0-4F60B45C5E98}.Debug|x64.Build.0 = Debug|x64
		{B9624A19-88C6-4831-AFD0-4F60B45C5E98}.Debug|x86.ActiveCfg = Debug|Any CPU
		{B9624A19-88C6-4831-AFD0-4F60B45C5E98}.Debug|x86.Build.0 = Debug|Any CPU
		{B9624A19-88C6-4831-AFD0-4F60B45C5E98}.Release|Any CPU.ActiveCfg = Release|Any CPU
		{B9624A19-88C6-4831-AFD0-4F60B45C5E98}.Release|Any CPU.Build.0 = Release|Any CPU
		{B9624A19-88C6-4831-AFD0-4F60B45C5E98}.Release|x64.ActiveCfg = Release|Any CPU
		{B9624A19-88C6-4831-AFD0-4F60B45C5E98}.Release|x64.Build.0 = Release|Any CPU
		{B9624A19-88C6-4831-AFD0-4F60B45C5E98}.Release|x86.ActiveCfg = Release|Any CPU
		{B9624A19-88C6-4831-AFD0-4F60B45C5E98}.Release|x86.Build.0 = Release|Any CPU
		{B33789DD-F2E0-4A5F-8023-235FCC7D8557}.Debug|Any CPU.ActiveCfg = Debug|Any CPU
		{B33789DD-F2E0-4A5F-8023-235FCC7D8557}.Debug|Any CPU.Build.0 = Debug|Any CPU
		{B33789DD-F2E0-4A5F-8023-235FCC7D8557}.Debug|x64.ActiveCfg = Debug|x64
		{B33789DD-F2E0-4A5F-8023-235FCC7D8557}.Debug|x64.Build.0 = Debug|x64
		{B33789DD-F2E0-4A5F-8023-235FCC7D8557}.Debug|x86.ActiveCfg = Debug|Any CPU
		{B33789DD-F2E0-4A5F-8023-235FCC7D8557}.Debug|x86.Build.0 = Debug|Any CPU
		{B33789DD-F2E0-4A5F-8023-235FCC7D8557}.Release|Any CPU.ActiveCfg = Release|Any CPU
		{B33789DD-F2E0-4A5F-8023-235FCC7D8557}.Release|Any CPU.Build.0 = Release|Any CPU
		{B33789DD-F2E0-4A5F-8023-235FCC7D8557}.Release|x64.ActiveCfg = Release|Any CPU
		{B33789DD-F2E0-4A5F-8023-235FCC7D8557}.Release|x64.Build.0 = Release|Any CPU
		{B33789DD-F2E0-4A5F-8023-235FCC7D8557}.Release|x86.ActiveCfg = Release|Any CPU
		{B33789DD-F2E0-4A5F-8023-235FCC7D8557}.Release|x86.Build.0 = Release|Any CPU
		{88649FEC-6FFA-4FC9-9BDF-E1FB9654EBC7}.Debug|Any CPU.ActiveCfg = Debug|Any CPU
		{88649FEC-6FFA-4FC9-9BDF-E1FB9654EBC7}.Debug|Any CPU.Build.0 = Debug|Any CPU
		{88649FEC-6FFA-4FC9-9BDF-E1FB9654EBC7}.Debug|x64.ActiveCfg = Debug|Any CPU
		{88649FEC-6FFA-4FC9-9BDF-E1FB9654EBC7}.Debug|x64.Build.0 = Debug|Any CPU
		{88649FEC-6FFA-4FC9-9BDF-E1FB9654EBC7}.Debug|x86.ActiveCfg = Debug|Any CPU
		{88649FEC-6FFA-4FC9-9BDF-E1FB9654EBC7}.Debug|x86.Build.0 = Debug|Any CPU
		{88649FEC-6FFA-4FC9-9BDF-E1FB9654EBC7}.Release|Any CPU.ActiveCfg = Release|Any CPU
		{88649FEC-6FFA-4FC9-9BDF-E1FB9654EBC7}.Release|Any CPU.Build.0 = Release|Any CPU
		{88649FEC-6FFA-4FC9-9BDF-E1FB9654EBC7}.Release|x64.ActiveCfg = Release|Any CPU
		{88649FEC-6FFA-4FC9-9BDF-E1FB9654EBC7}.Release|x64.Build.0 = Release|Any CPU
		{88649FEC-6FFA-4FC9-9BDF-E1FB9654EBC7}.Release|x86.ActiveCfg = Release|Any CPU
		{88649FEC-6FFA-4FC9-9BDF-E1FB9654EBC7}.Release|x86.Build.0 = Release|Any CPU
	EndGlobalSection
	GlobalSection(SolutionProperties) = preSolution
		HideSolutionNode = FALSE
	EndGlobalSection
	GlobalSection(ExtensibilityGlobals) = postSolution
		SolutionGuid = {5A0E61BF-8D09-45E4-AA6E-53692793B6EE}
	EndGlobalSection
EndGlobal
