
Microsoft Visual Studio Solution File, Format Version 12.00
# Visual Studio Version 17
VisualStudioVersion = 17.5.33530.505
MinimumVisualStudioVersion = 10.0.40219.1
Project("{9A19103F-16F7-4668-BE54-9A1E7A4F7556}") = "WpfApp1", "WpfApp1\WpfApp1.csproj", "{0E038D44-8433-455A-B5F8-A1D925C393AF}"
EndProject
Project("{FAE04EC0-301F-11D3-BF4B-00C04F79EFBC}") = "WPFApplication", "WPFApplication\WPFApplication.csproj", "{F655A3C9-73E6-4A93-B395-66A2EAE4BAB8}"
EndProject
Global
	GlobalSection(SolutionConfigurationPlatforms) = preSolution
		Debug|Any CPU = Debug|Any CPU
		Release|Any CPU = Release|Any CPU
	EndGlobalSection
	GlobalSection(ProjectConfigurationPlatforms) = postSolution
		{0E038D44-8433-455A-B5F8-A1D925C393AF}.Debug|Any CPU.ActiveCfg = Debug|Any CPU
		{0E038D44-8433-455A-B5F8-A1D925C393AF}.Debug|Any CPU.Build.0 = Debug|Any CPU
		{0E038D44-8433-455A-B5F8-A1D925C393AF}.Release|Any CPU.ActiveCfg = Release|Any CPU
		{0E038D44-8433-455A-B5F8-A1D925C393AF}.Release|Any CPU.Build.0 = Release|Any CPU
		{F655A3C9-73E6-4A93-B395-66A2EAE4BAB8}.Debug|Any CPU.ActiveCfg = Debug|Any CPU
		{F655A3C9-73E6-4A93-B395-66A2EAE4BAB8}.Debug|Any CPU.Build.0 = Debug|Any CPU
		{F655A3C9-73E6-4A93-B395-66A2EAE4BAB8}.Release|Any CPU.ActiveCfg = Release|Any CPU
		{F655A3C9-73E6-4A93-B395-66A2EAE4BAB8}.Release|Any CPU.Build.0 = Release|Any CPU
	EndGlobalSection
	GlobalSection(SolutionProperties) = preSolution
		HideSolutionNode = FALSE
	EndGlobalSection
	GlobalSection(ExtensibilityGlobals) = postSolution
		SolutionGuid = {5A0E61BF-8D09-45E4-AA6E-53692793B6EE}
	EndGlobalSection
EndGlobal
